
Microsoft Visual Studio Solution File, Format Version 12.00
# Visual Studio 15
VisualStudioVersion = 15.0.27130.2027
MinimumVisualStudioVersion = 10.0.40219.1
Project("{FAE04EC0-301F-11D3-BF4B-00C04F79EFBC}") = "Goal", "Goal\Goal.csproj", "{E35DF71B-4906-40DB-958B-92E52B4119CE}"
EndProject
Global
	GlobalSection(SolutionConfigurationPlatforms) = preSolution
		Debug|Any CPU = Debug|Any CPU
		Release|Any CPU = Release|Any CPU
	EndGlobalSection
	GlobalSection(ProjectConfigurationPlatforms) = postSolution
		{E35DF71B-4906-40DB-958B-92E52B4119CE}.Debug|Any CPU.ActiveCfg = Debug|Any CPU
		{E35DF71B-4906-40DB-958B-92E52B4119CE}.Debug|Any CPU.Build.0 = Debug|Any CPU
		{E35DF71B-4906-40DB-958B-92E52B4119CE}.Release|Any CPU.ActiveCfg = Release|Any CPU
		{E35DF71B-4906-40DB-958B-92E52B4119CE}.Release|Any CPU.Build.0 = Release|Any CPU
	EndGlobalSection
	GlobalSection(SolutionProperties) = preSolution
		HideSolutionNode = FALSE
	EndGlobalSection
	GlobalSection(ExtensibilityGlobals) = postSolution
		SolutionGuid = {1A8F2AB6-8F55-4817-9CAA-EDA94703F374}
	EndGlobalSection
EndGlobal
